// !$*UTF8*$!
{
	archiveVersion = 1;
	classes = {
	};
	objectVersion = 56;
	objects = {

/* Begin PBXBuildFile section */
		052678C12B11D508008E1C5F /* MovieListApp.swift in Sources */ = {isa = PBXBuildFile; fileRef = 052678C02B11D508008E1C5F /* MovieListApp.swift */; };
		052678C52B11D509008E1C5F /* Assets.xcassets in Resources */ = {isa = PBXBuildFile; fileRef = 052678C42B11D509008E1C5F /* Assets.xcassets */; };
		052678C82B11D509008E1C5F /* Preview Assets.xcassets in Resources */ = {isa = PBXBuildFile; fileRef = 052678C72B11D509008E1C5F /* Preview Assets.xcassets */; };
		052678D22B11D509008E1C5F /* MovieListTests.swift in Sources */ = {isa = PBXBuildFile; fileRef = 052678D12B11D509008E1C5F /* MovieListTests.swift */; };
		052678DC2B11D509008E1C5F /* MovieListUITests.swift in Sources */ = {isa = PBXBuildFile; fileRef = 052678DB2B11D509008E1C5F /* MovieListUITests.swift */; };
		052678DE2B11D509008E1C5F /* MovieListUITestsLaunchTests.swift in Sources */ = {isa = PBXBuildFile; fileRef = 052678DD2B11D509008E1C5F /* MovieListUITestsLaunchTests.swift */; };
		052678EB2B11E859008E1C5F /* MovieListView.swift in Sources */ = {isa = PBXBuildFile; fileRef = 052678EA2B11E859008E1C5F /* MovieListView.swift */; };
		052678F92B12F7C9008E1C5F /* RequestProtocol.swift in Sources */ = {isa = PBXBuildFile; fileRef = 052678F82B12F7C9008E1C5F /* RequestProtocol.swift */; };
		052678FB2B12F837008E1C5F /* RequestType.swift in Sources */ = {isa = PBXBuildFile; fileRef = 052678FA2B12F837008E1C5F /* RequestType.swift */; };
		052678FD2B12F884008E1C5F /* APIConstants.swift in Sources */ = {isa = PBXBuildFile; fileRef = 052678FC2B12F884008E1C5F /* APIConstants.swift */; };
		052678FF2B12F8EE008E1C5F /* NetworkError.swift in Sources */ = {isa = PBXBuildFile; fileRef = 052678FE2B12F8EE008E1C5F /* NetworkError.swift */; };
		052679022B12FA71008E1C5F /* RequestManager.swift in Sources */ = {isa = PBXBuildFile; fileRef = 052679012B12FA71008E1C5F /* RequestManager.swift */; };
		052679052B13069D008E1C5F /* PopularMovieService.swift in Sources */ = {isa = PBXBuildFile; fileRef = 052679042B13069D008E1C5F /* PopularMovieService.swift */; };
		052679072B130AE1008E1C5F /* PopularMoviesModel.swift in Sources */ = {isa = PBXBuildFile; fileRef = 052679062B130AE1008E1C5F /* PopularMoviesModel.swift */; };
		052679092B130BF5008E1C5F /* GetPopularMoviesRequest.swift in Sources */ = {isa = PBXBuildFile; fileRef = 052679082B130BF5008E1C5F /* GetPopularMoviesRequest.swift */; };
		0526790B2B1312E1008E1C5F /* SampleView.swift in Sources */ = {isa = PBXBuildFile; fileRef = 0526790A2B1312E1008E1C5F /* SampleView.swift */; };
		0526790D2B13136F008E1C5F /* MovieListViewModel.swift in Sources */ = {isa = PBXBuildFile; fileRef = 0526790C2B13136F008E1C5F /* MovieListViewModel.swift */; };
		05DBCA8E2B13791100355AFD /* MovieDetailsView.swift in Sources */ = {isa = PBXBuildFile; fileRef = 05DBCA8D2B13791100355AFD /* MovieDetailsView.swift */; };
		05DBCA902B13792200355AFD /* MovieDetailsViewModel.swift in Sources */ = {isa = PBXBuildFile; fileRef = 05DBCA8F2B13792200355AFD /* MovieDetailsViewModel.swift */; };
		05DBCA922B13793900355AFD /* MovieDetailsModel.swift in Sources */ = {isa = PBXBuildFile; fileRef = 05DBCA912B13793900355AFD /* MovieDetailsModel.swift */; };
		05DBCA942B1445B600355AFD /* GetMovieDetailsRequest.swift in Sources */ = {isa = PBXBuildFile; fileRef = 05DBCA932B1445B600355AFD /* GetMovieDetailsRequest.swift */; };
		05DBCA962B14478800355AFD /* MovieDetailsService.swift in Sources */ = {isa = PBXBuildFile; fileRef = 05DBCA952B14478800355AFD /* MovieDetailsService.swift */; };
/* End PBXBuildFile section */

/* Begin PBXContainerItemProxy section */
		052678CE2B11D509008E1C5F /* PBXContainerItemProxy */ = {
			isa = PBXContainerItemProxy;
			containerPortal = 052678B52B11D508008E1C5F /* Project object */;
			proxyType = 1;
			remoteGlobalIDString = 052678BC2B11D508008E1C5F;
			remoteInfo = MovieList;
		};
		052678D82B11D509008E1C5F /* PBXContainerItemProxy */ = {
			isa = PBXContainerItemProxy;
			containerPortal = 052678B52B11D508008E1C5F /* Project object */;
			proxyType = 1;
			remoteGlobalIDString = 052678BC2B11D508008E1C5F;
			remoteInfo = MovieList;
		};
/* End PBXContainerItemProxy section */

/* Begin PBXFileReference section */
		052678BD2B11D508008E1C5F /* MovieList.app */ = {isa = PBXFileReference; explicitFileType = wrapper.application; includeInIndex = 0; path = MovieList.app; sourceTree = BUILT_PRODUCTS_DIR; };
		052678C02B11D508008E1C5F /* MovieListApp.swift */ = {isa = PBXFileReference; lastKnownFileType = sourcecode.swift; path = MovieListApp.swift; sourceTree = "<group>"; };
		052678C42B11D509008E1C5F /* Assets.xcassets */ = {isa = PBXFileReference; lastKnownFileType = folder.assetcatalog; path = Assets.xcassets; sourceTree = "<group>"; };
		052678C72B11D509008E1C5F /* Preview Assets.xcassets */ = {isa = PBXFileReference; lastKnownFileType = folder.assetcatalog; path = "Preview Assets.xcassets"; sourceTree = "<group>"; };
		052678CD2B11D509008E1C5F /* MovieListTests.xctest */ = {isa = PBXFileReference; explicitFileType = wrapper.cfbundle; includeInIndex = 0; path = MovieListTests.xctest; sourceTree = BUILT_PRODUCTS_DIR; };
		052678D12B11D509008E1C5F /* MovieListTests.swift */ = {isa = PBXFileReference; lastKnownFileType = sourcecode.swift; path = MovieListTests.swift; sourceTree = "<group>"; };
		052678D72B11D509008E1C5F /* MovieListUITests.xctest */ = {isa = PBXFileReference; explicitFileType = wrapper.cfbundle; includeInIndex = 0; path = MovieListUITests.xctest; sourceTree = BUILT_PRODUCTS_DIR; };
		052678DB2B11D509008E1C5F /* MovieListUITests.swift */ = {isa = PBXFileReference; lastKnownFileType = sourcecode.swift; path = MovieListUITests.swift; sourceTree = "<group>"; };
		052678DD2B11D509008E1C5F /* MovieListUITestsLaunchTests.swift */ = {isa = PBXFileReference; lastKnownFileType = sourcecode.swift; path = MovieListUITestsLaunchTests.swift; sourceTree = "<group>"; };
		052678EA2B11E859008E1C5F /* MovieListView.swift */ = {isa = PBXFileReference; lastKnownFileType = sourcecode.swift; path = MovieListView.swift; sourceTree = "<group>"; };
		052678F82B12F7C9008E1C5F /* RequestProtocol.swift */ = {isa = PBXFileReference; lastKnownFileType = sourcecode.swift; path = RequestProtocol.swift; sourceTree = "<group>"; };
		052678FA2B12F837008E1C5F /* RequestType.swift */ = {isa = PBXFileReference; lastKnownFileType = sourcecode.swift; path = RequestType.swift; sourceTree = "<group>"; };
		052678FC2B12F884008E1C5F /* APIConstants.swift */ = {isa = PBXFileReference; lastKnownFileType = sourcecode.swift; path = APIConstants.swift; sourceTree = "<group>"; };
		052678FE2B12F8EE008E1C5F /* NetworkError.swift */ = {isa = PBXFileReference; lastKnownFileType = sourcecode.swift; path = NetworkError.swift; sourceTree = "<group>"; };
		052679012B12FA71008E1C5F /* RequestManager.swift */ = {isa = PBXFileReference; lastKnownFileType = sourcecode.swift; path = RequestManager.swift; sourceTree = "<group>"; };
		052679042B13069D008E1C5F /* PopularMovieService.swift */ = {isa = PBXFileReference; lastKnownFileType = sourcecode.swift; path = PopularMovieService.swift; sourceTree = "<group>"; };
		052679062B130AE1008E1C5F /* PopularMoviesModel.swift */ = {isa = PBXFileReference; lastKnownFileType = sourcecode.swift; path = PopularMoviesModel.swift; sourceTree = "<group>"; };
		052679082B130BF5008E1C5F /* GetPopularMoviesRequest.swift */ = {isa = PBXFileReference; lastKnownFileType = sourcecode.swift; path = GetPopularMoviesRequest.swift; sourceTree = "<group>"; };
		0526790A2B1312E1008E1C5F /* SampleView.swift */ = {isa = PBXFileReference; lastKnownFileType = sourcecode.swift; path = SampleView.swift; sourceTree = "<group>"; };
		0526790C2B13136F008E1C5F /* MovieListViewModel.swift */ = {isa = PBXFileReference; lastKnownFileType = sourcecode.swift; path = MovieListViewModel.swift; sourceTree = "<group>"; };
		0526790F2B132811008E1C5F /* Info.plist */ = {isa = PBXFileReference; lastKnownFileType = text.plist; path = Info.plist; sourceTree = "<group>"; };
		05DBCA8D2B13791100355AFD /* MovieDetailsView.swift */ = {isa = PBXFileReference; lastKnownFileType = sourcecode.swift; path = MovieDetailsView.swift; sourceTree = "<group>"; };
		05DBCA8F2B13792200355AFD /* MovieDetailsViewModel.swift */ = {isa = PBXFileReference; lastKnownFileType = sourcecode.swift; path = MovieDetailsViewModel.swift; sourceTree = "<group>"; };
		05DBCA912B13793900355AFD /* MovieDetailsModel.swift */ = {isa = PBXFileReference; lastKnownFileType = sourcecode.swift; path = MovieDetailsModel.swift; sourceTree = "<group>"; };
		05DBCA932B1445B600355AFD /* GetMovieDetailsRequest.swift */ = {isa = PBXFileReference; lastKnownFileType = sourcecode.swift; path = GetMovieDetailsRequest.swift; sourceTree = "<group>"; };
		05DBCA952B14478800355AFD /* MovieDetailsService.swift */ = {isa = PBXFileReference; lastKnownFileType = sourcecode.swift; path = MovieDetailsService.swift; sourceTree = "<group>"; };
/* End PBXFileReference section */

/* Begin PBXFrameworksBuildPhase section */
		052678BA2B11D508008E1C5F /* Frameworks */ = {
			isa = PBXFrameworksBuildPhase;
			buildActionMask = 2147483647;
			files = (
			);
			runOnlyForDeploymentPostprocessing = 0;
		};
		052678CA2B11D509008E1C5F /* Frameworks */ = {
			isa = PBXFrameworksBuildPhase;
			buildActionMask = 2147483647;
			files = (
			);
			runOnlyForDeploymentPostprocessing = 0;
		};
		052678D42B11D509008E1C5F /* Frameworks */ = {
			isa = PBXFrameworksBuildPhase;
			buildActionMask = 2147483647;
			files = (
			);
			runOnlyForDeploymentPostprocessing = 0;
		};
/* End PBXFrameworksBuildPhase section */

/* Begin PBXGroup section */
		052678B42B11D508008E1C5F = {
			isa = PBXGroup;
			children = (
				052678BF2B11D508008E1C5F /* MovieList */,
				052678D02B11D509008E1C5F /* MovieListTests */,
				052678DA2B11D509008E1C5F /* MovieListUITests */,
				052678BE2B11D508008E1C5F /* Products */,
			);
			sourceTree = "<group>";
		};
		052678BE2B11D508008E1C5F /* Products */ = {
			isa = PBXGroup;
			children = (
				052678BD2B11D508008E1C5F /* MovieList.app */,
				052678CD2B11D509008E1C5F /* MovieListTests.xctest */,
				052678D72B11D509008E1C5F /* MovieListUITests.xctest */,
			);
			name = Products;
			sourceTree = "<group>";
		};
		052678BF2B11D508008E1C5F /* MovieList */ = {
			isa = PBXGroup;
			children = (
				0526790F2B132811008E1C5F /* Info.plist */,
				052678F02B11E91D008E1C5F /* Utility */,
				052678EF2B11E910008E1C5F /* Resources */,
				052678EE2B11E908008E1C5F /* Presentation */,
				052678ED2B11E8F6008E1C5F /* Core */,
				052678EC2B11E8E9008E1C5F /* Business Logic */,
				052678C62B11D509008E1C5F /* Preview Content */,
			);
			path = MovieList;
			sourceTree = "<group>";
		};
		052678C62B11D509008E1C5F /* Preview Content */ = {
			isa = PBXGroup;
			children = (
				052678C72B11D509008E1C5F /* Preview Assets.xcassets */,
			);
			path = "Preview Content";
			sourceTree = "<group>";
		};
		052678D02B11D509008E1C5F /* MovieListTests */ = {
			isa = PBXGroup;
			children = (
				052678D12B11D509008E1C5F /* MovieListTests.swift */,
			);
			path = MovieListTests;
			sourceTree = "<group>";
		};
		052678DA2B11D509008E1C5F /* MovieListUITests */ = {
			isa = PBXGroup;
			children = (
				052678DB2B11D509008E1C5F /* MovieListUITests.swift */,
				052678DD2B11D509008E1C5F /* MovieListUITestsLaunchTests.swift */,
			);
			path = MovieListUITests;
			sourceTree = "<group>";
		};
		052678EC2B11E8E9008E1C5F /* Business Logic */ = {
			isa = PBXGroup;
			children = (
				052679032B13067D008E1C5F /* Services */,
				052678F52B11E9F5008E1C5F /* Models */,
				052678F42B11E9E6008E1C5F /* Endpoints */,
			);
			path = "Business Logic";
			sourceTree = "<group>";
		};
		052678ED2B11E8F6008E1C5F /* Core */ = {
			isa = PBXGroup;
			children = (
				052678F62B12F79E008E1C5F /* Network Layer */,
			);
			path = Core;
			sourceTree = "<group>";
		};
		052678EE2B11E908008E1C5F /* Presentation */ = {
			isa = PBXGroup;
			children = (
				052678F32B11E996008E1C5F /* Movie Details */,
				052678F22B11E985008E1C5F /* Popular Movies */,
				0526790A2B1312E1008E1C5F /* SampleView.swift */,
			);
			path = Presentation;
			sourceTree = "<group>";
		};
		052678EF2B11E910008E1C5F /* Resources */ = {
			isa = PBXGroup;
			children = (
				052678C42B11D509008E1C5F /* Assets.xcassets */,
			);
			path = Resources;
			sourceTree = "<group>";
		};
		052678F02B11E91D008E1C5F /* Utility */ = {
			isa = PBXGroup;
			children = (
				052678F12B11E974008E1C5F /* App */,
				052678FC2B12F884008E1C5F /* APIConstants.swift */,
			);
			path = Utility;
			sourceTree = "<group>";
		};
		052678F12B11E974008E1C5F /* App */ = {
			isa = PBXGroup;
			children = (
				052678C02B11D508008E1C5F /* MovieListApp.swift */,
			);
			path = App;
			sourceTree = "<group>";
		};
		052678F22B11E985008E1C5F /* Popular Movies */ = {
			isa = PBXGroup;
			children = (
				052678EA2B11E859008E1C5F /* MovieListView.swift */,
				0526790C2B13136F008E1C5F /* MovieListViewModel.swift */,
			);
			path = "Popular Movies";
			sourceTree = "<group>";
		};
		052678F32B11E996008E1C5F /* Movie Details */ = {
			isa = PBXGroup;
			children = (
				05DBCA8D2B13791100355AFD /* MovieDetailsView.swift */,
				05DBCA8F2B13792200355AFD /* MovieDetailsViewModel.swift */,
			);
			path = "Movie Details";
			sourceTree = "<group>";
		};
		052678F42B11E9E6008E1C5F /* Endpoints */ = {
			isa = PBXGroup;
			children = (
				052679082B130BF5008E1C5F /* GetPopularMoviesRequest.swift */,
				05DBCA932B1445B600355AFD /* GetMovieDetailsRequest.swift */,
			);
			path = Endpoints;
			sourceTree = "<group>";
		};
		052678F52B11E9F5008E1C5F /* Models */ = {
			isa = PBXGroup;
			children = (
				052679062B130AE1008E1C5F /* PopularMoviesModel.swift */,
				05DBCA912B13793900355AFD /* MovieDetailsModel.swift */,
			);
			path = Models;
			sourceTree = "<group>";
		};
		052678F62B12F79E008E1C5F /* Network Layer */ = {
			isa = PBXGroup;
			children = (
				052679002B12F90D008E1C5F /* NetworkManager */,
				052678F72B12F7B0008E1C5F /* API Request */,
			);
			name = "Network Layer";
			sourceTree = "<group>";
		};
		052678F72B12F7B0008E1C5F /* API Request */ = {
			isa = PBXGroup;
			children = (
				052678F82B12F7C9008E1C5F /* RequestProtocol.swift */,
				052678FA2B12F837008E1C5F /* RequestType.swift */,
			);
			name = "API Request";
			sourceTree = "<group>";
		};
		052679002B12F90D008E1C5F /* NetworkManager */ = {
			isa = PBXGroup;
			children = (
				052678FE2B12F8EE008E1C5F /* NetworkError.swift */,
				052679012B12FA71008E1C5F /* RequestManager.swift */,
			);
			name = NetworkManager;
			sourceTree = "<group>";
		};
		052679032B13067D008E1C5F /* Services */ = {
			isa = PBXGroup;
			children = (
				052679042B13069D008E1C5F /* PopularMovieService.swift */,
				05DBCA952B14478800355AFD /* MovieDetailsService.swift */,
			);
			path = Services;
			sourceTree = "<group>";
		};
/* End PBXGroup section */

/* Begin PBXNativeTarget section */
		052678BC2B11D508008E1C5F /* MovieList */ = {
			isa = PBXNativeTarget;
			buildConfigurationList = 052678E12B11D509008E1C5F /* Build configuration list for PBXNativeTarget "MovieList" */;
			buildPhases = (
				052678B92B11D508008E1C5F /* Sources */,
				052678BA2B11D508008E1C5F /* Frameworks */,
				052678BB2B11D508008E1C5F /* Resources */,
			);
			buildRules = (
			);
			dependencies = (
			);
			name = MovieList;
			productName = MovieList;
			productReference = 052678BD2B11D508008E1C5F /* MovieList.app */;
			productType = "com.apple.product-type.application";
		};
		052678CC2B11D509008E1C5F /* MovieListTests */ = {
			isa = PBXNativeTarget;
			buildConfigurationList = 052678E42B11D509008E1C5F /* Build configuration list for PBXNativeTarget "MovieListTests" */;
			buildPhases = (
				052678C92B11D509008E1C5F /* Sources */,
				052678CA2B11D509008E1C5F /* Frameworks */,
				052678CB2B11D509008E1C5F /* Resources */,
			);
			buildRules = (
			);
			dependencies = (
				052678CF2B11D509008E1C5F /* PBXTargetDependency */,
			);
			name = MovieListTests;
			productName = MovieListTests;
			productReference = 052678CD2B11D509008E1C5F /* MovieListTests.xctest */;
			productType = "com.apple.product-type.bundle.unit-test";
		};
		052678D62B11D509008E1C5F /* MovieListUITests */ = {
			isa = PBXNativeTarget;
			buildConfigurationList = 052678E72B11D509008E1C5F /* Build configuration list for PBXNativeTarget "MovieListUITests" */;
			buildPhases = (
				052678D32B11D509008E1C5F /* Sources */,
				052678D42B11D509008E1C5F /* Frameworks */,
				052678D52B11D509008E1C5F /* Resources */,
			);
			buildRules = (
			);
			dependencies = (
				052678D92B11D509008E1C5F /* PBXTargetDependency */,
			);
			name = MovieListUITests;
			productName = MovieListUITests;
			productReference = 052678D72B11D509008E1C5F /* MovieListUITests.xctest */;
			productType = "com.apple.product-type.bundle.ui-testing";
		};
/* End PBXNativeTarget section */

/* Begin PBXProject section */
		052678B52B11D508008E1C5F /* Project object */ = {
			isa = PBXProject;
			attributes = {
				BuildIndependentTargetsInParallel = 1;
				LastSwiftUpdateCheck = 1420;
				LastUpgradeCheck = 1420;
				TargetAttributes = {
					052678BC2B11D508008E1C5F = {
						CreatedOnToolsVersion = 14.2;
					};
					052678CC2B11D509008E1C5F = {
						CreatedOnToolsVersion = 14.2;
						TestTargetID = 052678BC2B11D508008E1C5F;
					};
					052678D62B11D509008E1C5F = {
						CreatedOnToolsVersion = 14.2;
						TestTargetID = 052678BC2B11D508008E1C5F;
					};
				};
			};
			buildConfigurationList = 052678B82B11D508008E1C5F /* Build configuration list for PBXProject "MovieList" */;
			compatibilityVersion = "Xcode 14.0";
			developmentRegion = en;
			hasScannedForEncodings = 0;
			knownRegions = (
				en,
				Base,
			);
			mainGroup = 052678B42B11D508008E1C5F;
			productRefGroup = 052678BE2B11D508008E1C5F /* Products */;
			projectDirPath = "";
			projectRoot = "";
			targets = (
				052678BC2B11D508008E1C5F /* MovieList */,
				052678CC2B11D509008E1C5F /* MovieListTests */,
				052678D62B11D509008E1C5F /* MovieListUITests */,
			);
		};
/* End PBXProject section */

/* Begin PBXResourcesBuildPhase section */
		052678BB2B11D508008E1C5F /* Resources */ = {
			isa = PBXResourcesBuildPhase;
			buildActionMask = 2147483647;
			files = (
				052678C82B11D509008E1C5F /* Preview Assets.xcassets in Resources */,
				052678C52B11D509008E1C5F /* Assets.xcassets in Resources */,
			);
			runOnlyForDeploymentPostprocessing = 0;
		};
		052678CB2B11D509008E1C5F /* Resources */ = {
			isa = PBXResourcesBuildPhase;
			buildActionMask = 2147483647;
			files = (
			);
			runOnlyForDeploymentPostprocessing = 0;
		};
		052678D52B11D509008E1C5F /* Resources */ = {
			isa = PBXResourcesBuildPhase;
			buildActionMask = 2147483647;
			files = (
			);
			runOnlyForDeploymentPostprocessing = 0;
		};
/* End PBXResourcesBuildPhase section */

/* Begin PBXSourcesBuildPhase section */
		052678B92B11D508008E1C5F /* Sources */ = {
			isa = PBXSourcesBuildPhase;
			buildActionMask = 2147483647;
			files = (
				05DBCA902B13792200355AFD /* MovieDetailsViewModel.swift in Sources */,
				052679072B130AE1008E1C5F /* PopularMoviesModel.swift in Sources */,
				052679052B13069D008E1C5F /* PopularMovieService.swift in Sources */,
				05DBCA962B14478800355AFD /* MovieDetailsService.swift in Sources */,
				052678F92B12F7C9008E1C5F /* RequestProtocol.swift in Sources */,
				052679092B130BF5008E1C5F /* GetPopularMoviesRequest.swift in Sources */,
				0526790B2B1312E1008E1C5F /* SampleView.swift in Sources */,
				05DBCA942B1445B600355AFD /* GetMovieDetailsRequest.swift in Sources */,
				05DBCA922B13793900355AFD /* MovieDetailsModel.swift in Sources */,
				05DBCA8E2B13791100355AFD /* MovieDetailsView.swift in Sources */,
				052678FD2B12F884008E1C5F /* APIConstants.swift in Sources */,
				052678C12B11D508008E1C5F /* MovieListApp.swift in Sources */,
				052678FF2B12F8EE008E1C5F /* NetworkError.swift in Sources */,
				052679022B12FA71008E1C5F /* RequestManager.swift in Sources */,
				052678EB2B11E859008E1C5F /* MovieListView.swift in Sources */,
				052678FB2B12F837008E1C5F /* RequestType.swift in Sources */,
				0526790D2B13136F008E1C5F /* MovieListViewModel.swift in Sources */,
			);
			runOnlyForDeploymentPostprocessing = 0;
		};
		052678C92B11D509008E1C5F /* Sources */ = {
			isa = PBXSourcesBuildPhase;
			buildActionMask = 2147483647;
			files = (
				052678D22B11D509008E1C5F /* MovieListTests.swift in Sources */,
			);
			runOnlyForDeploymentPostprocessing = 0;
		};
		052678D32B11D509008E1C5F /* Sources */ = {
			isa = PBXSourcesBuildPhase;
			buildActionMask = 2147483647;
			files = (
				052678DC2B11D509008E1C5F /* MovieListUITests.swift in Sources */,
				052678DE2B11D509008E1C5F /* MovieListUITestsLaunchTests.swift in Sources */,
			);
			runOnlyForDeploymentPostprocessing = 0;
		};
/* End PBXSourcesBuildPhase section */

/* Begin PBXTargetDependency section */
		052678CF2B11D509008E1C5F /* PBXTargetDependency */ = {
			isa = PBXTargetDependency;
			target = 052678BC2B11D508008E1C5F /* MovieList */;
			targetProxy = 052678CE2B11D509008E1C5F /* PBXContainerItemProxy */;
		};
		052678D92B11D509008E1C5F /* PBXTargetDependency */ = {
			isa = PBXTargetDependency;
			target = 052678BC2B11D508008E1C5F /* MovieList */;
			targetProxy = 052678D82B11D509008E1C5F /* PBXContainerItemProxy */;
		};
/* End PBXTargetDependency section */

/* Begin XCBuildConfiguration section */
		052678DF2B11D509008E1C5F /* Debug */ = {
			isa = XCBuildConfiguration;
			buildSettings = {
				ALWAYS_SEARCH_USER_PATHS = NO;
				CLANG_ANALYZER_NONNULL = YES;
				CLANG_ANALYZER_NUMBER_OBJECT_CONVERSION = YES_AGGRESSIVE;
				CLANG_CXX_LANGUAGE_STANDARD = "gnu++20";
				CLANG_ENABLE_MODULES = YES;
				CLANG_ENABLE_OBJC_ARC = YES;
				CLANG_ENABLE_OBJC_WEAK = YES;
				CLANG_WARN_BLOCK_CAPTURE_AUTORELEASING = YES;
				CLANG_WARN_BOOL_CONVERSION = YES;
				CLANG_WARN_COMMA = YES;
				CLANG_WARN_CONSTANT_CONVERSION = YES;
				CLANG_WARN_DEPRECATED_OBJC_IMPLEMENTATIONS = YES;
				CLANG_WARN_DIRECT_OBJC_ISA_USAGE = YES_ERROR;
				CLANG_WARN_DOCUMENTATION_COMMENTS = YES;
				CLANG_WARN_EMPTY_BODY = YES;
				CLANG_WARN_ENUM_CONVERSION = YES;
				CLANG_WARN_INFINITE_RECURSION = YES;
				CLANG_WARN_INT_CONVERSION = YES;
				CLANG_WARN_NON_LITERAL_NULL_CONVERSION = YES;
				CLANG_WARN_OBJC_IMPLICIT_RETAIN_SELF = YES;
				CLANG_WARN_OBJC_LITERAL_CONVERSION = YES;
				CLANG_WARN_OBJC_ROOT_CLASS = YES_ERROR;
				CLANG_WARN_QUOTED_INCLUDE_IN_FRAMEWORK_HEADER = YES;
				CLANG_WARN_RANGE_LOOP_ANALYSIS = YES;
				CLANG_WARN_STRICT_PROTOTYPES = YES;
				CLANG_WARN_SUSPICIOUS_MOVE = YES;
				CLANG_WARN_UNGUARDED_AVAILABILITY = YES_AGGRESSIVE;
				CLANG_WARN_UNREACHABLE_CODE = YES;
				CLANG_WARN__DUPLICATE_METHOD_MATCH = YES;
				COPY_PHASE_STRIP = NO;
				DEBUG_INFORMATION_FORMAT = dwarf;
				ENABLE_STRICT_OBJC_MSGSEND = YES;
				ENABLE_TESTABILITY = YES;
				GCC_C_LANGUAGE_STANDARD = gnu11;
				GCC_DYNAMIC_NO_PIC = NO;
				GCC_NO_COMMON_BLOCKS = YES;
				GCC_OPTIMIZATION_LEVEL = 0;
				GCC_PREPROCESSOR_DEFINITIONS = (
					"DEBUG=1",
					"$(inherited)",
				);
				GCC_WARN_64_TO_32_BIT_CONVERSION = YES;
				GCC_WARN_ABOUT_RETURN_TYPE = YES_ERROR;
				GCC_WARN_UNDECLARED_SELECTOR = YES;
				GCC_WARN_UNINITIALIZED_AUTOS = YES_AGGRESSIVE;
				GCC_WARN_UNUSED_FUNCTION = YES;
				GCC_WARN_UNUSED_VARIABLE = YES;
				IPHONEOS_DEPLOYMENT_TARGET = 16.2;
				MTL_ENABLE_DEBUG_INFO = INCLUDE_SOURCE;
				MTL_FAST_MATH = YES;
				ONLY_ACTIVE_ARCH = YES;
				SDKROOT = iphoneos;
				SWIFT_ACTIVE_COMPILATION_CONDITIONS = DEBUG;
				SWIFT_OPTIMIZATION_LEVEL = "-Onone";
			};
			name = Debug;
		};
		052678E02B11D509008E1C5F /* Release */ = {
			isa = XCBuildConfiguration;
			buildSettings = {
				ALWAYS_SEARCH_USER_PATHS = NO;
				CLANG_ANALYZER_NONNULL = YES;
				CLANG_ANALYZER_NUMBER_OBJECT_CONVERSION = YES_AGGRESSIVE;
				CLANG_CXX_LANGUAGE_STANDARD = "gnu++20";
				CLANG_ENABLE_MODULES = YES;
				CLANG_ENABLE_OBJC_ARC = YES;
				CLANG_ENABLE_OBJC_WEAK = YES;
				CLANG_WARN_BLOCK_CAPTURE_AUTORELEASING = YES;
				CLANG_WARN_BOOL_CONVERSION = YES;
				CLANG_WARN_COMMA = YES;
				CLANG_WARN_CONSTANT_CONVERSION = YES;
				CLANG_WARN_DEPRECATED_OBJC_IMPLEMENTATIONS = YES;
				CLANG_WARN_DIRECT_OBJC_ISA_USAGE = YES_ERROR;
				CLANG_WARN_DOCUMENTATION_COMMENTS = YES;
				CLANG_WARN_EMPTY_BODY = YES;
				CLANG_WARN_ENUM_CONVERSION = YES;
				CLANG_WARN_INFINITE_RECURSION = YES;
				CLANG_WARN_INT_CONVERSION = YES;
				CLANG_WARN_NON_LITERAL_NULL_CONVERSION = YES;
				CLANG_WARN_OBJC_IMPLICIT_RETAIN_SELF = YES;
				CLANG_WARN_OBJC_LITERAL_CONVERSION = YES;
				CLANG_WARN_OBJC_ROOT_CLASS = YES_ERROR;
				CLANG_WARN_QUOTED_INCLUDE_IN_FRAMEWORK_HEADER = YES;
				CLANG_WARN_RANGE_LOOP_ANALYSIS = YES;
				CLANG_WARN_STRICT_PROTOTYPES = YES;
				CLANG_WARN_SUSPICIOUS_MOVE = YES;
				CLANG_WARN_UNGUARDED_AVAILABILITY = YES_AGGRESSIVE;
				CLANG_WARN_UNREACHABLE_CODE = YES;
				CLANG_WARN__DUPLICATE_METHOD_MATCH = YES;
				COPY_PHASE_STRIP = NO;
				DEBUG_INFORMATION_FORMAT = "dwarf-with-dsym";
				ENABLE_NS_ASSERTIONS = NO;
				ENABLE_STRICT_OBJC_MSGSEND = YES;
				GCC_C_LANGUAGE_STANDARD = gnu11;
				GCC_NO_COMMON_BLOCKS = YES;
				GCC_WARN_64_TO_32_BIT_CONVERSION = YES;
				GCC_WARN_ABOUT_RETURN_TYPE = YES_ERROR;
				GCC_WARN_UNDECLARED_SELECTOR = YES;
				GCC_WARN_UNINITIALIZED_AUTOS = YES_AGGRESSIVE;
				GCC_WARN_UNUSED_FUNCTION = YES;
				GCC_WARN_UNUSED_VARIABLE = YES;
				IPHONEOS_DEPLOYMENT_TARGET = 16.2;
				MTL_ENABLE_DEBUG_INFO = NO;
				MTL_FAST_MATH = YES;
				SDKROOT = iphoneos;
				SWIFT_COMPILATION_MODE = wholemodule;
				SWIFT_OPTIMIZATION_LEVEL = "-O";
				VALIDATE_PRODUCT = YES;
			};
			name = Release;
		};
		052678E22B11D509008E1C5F /* Debug */ = {
			isa = XCBuildConfiguration;
			buildSettings = {
				ASSETCATALOG_COMPILER_APPICON_NAME = AppIcon;
				ASSETCATALOG_COMPILER_GLOBAL_ACCENT_COLOR_NAME = AccentColor;
				CODE_SIGN_STYLE = Automatic;
				CURRENT_PROJECT_VERSION = 1;
				DEVELOPMENT_ASSET_PATHS = "\"MovieList/Preview Content\"";
				ENABLE_PREVIEWS = YES;
				GENERATE_INFOPLIST_FILE = YES;
				INFOPLIST_FILE = MovieList/Info.plist;
				INFOPLIST_KEY_UIApplicationSceneManifest_Generation = YES;
				INFOPLIST_KEY_UIApplicationSupportsIndirectInputEvents = YES;
				INFOPLIST_KEY_UILaunchScreen_Generation = YES;
				INFOPLIST_KEY_UISupportedInterfaceOrientations_iPad = "UIInterfaceOrientationPortrait UIInterfaceOrientationPortraitUpsideDown UIInterfaceOrientationLandscapeLeft UIInterfaceOrientationLandscapeRight";
				INFOPLIST_KEY_UISupportedInterfaceOrientations_iPhone = "UIInterfaceOrientationPortrait UIInterfaceOrientationLandscapeLeft UIInterfaceOrientationLandscapeRight";
				LD_RUNPATH_SEARCH_PATHS = (
					"$(inherited)",
					"@executable_path/Frameworks",
				);
				MARKETING_VERSION = 1.0;
				PRODUCT_BUNDLE_IDENTIFIER = Sample.POC.MovieList;
				PRODUCT_NAME = "$(TARGET_NAME)";
				SWIFT_EMIT_LOC_STRINGS = YES;
				SWIFT_VERSION = 5.0;
				TARGETED_DEVICE_FAMILY = "1,2";
			};
			name = Debug;
		};
		052678E32B11D509008E1C5F /* Release */ = {
			isa = XCBuildConfiguration;
			buildSettings = {
				ASSETCATALOG_COMPILER_APPICON_NAME = AppIcon;
				ASSETCATALOG_COMPILER_GLOBAL_ACCENT_COLOR_NAME = AccentColor;
				CODE_SIGN_STYLE = Automatic;
				CURRENT_PROJECT_VERSION = 1;
				DEVELOPMENT_ASSET_PATHS = "\"MovieList/Preview Content\"";
				ENABLE_PREVIEWS = YES;
				GENERATE_INFOPLIST_FILE = YES;
				INFOPLIST_FILE = MovieList/Info.plist;
				INFOPLIST_KEY_UIApplicationSceneManifest_Generation = YES;
				INFOPLIST_KEY_UIApplicationSupportsIndirectInputEvents = YES;
				INFOPLIST_KEY_UILaunchScreen_Generation = YES;
				INFOPLIST_KEY_UISupportedInterfaceOrientations_iPad = "UIInterfaceOrientationPortrait UIInterfaceOrientationPortraitUpsideDown UIInterfaceOrientationLandscapeLeft UIInterfaceOrientationLandscapeRight";
				INFOPLIST_KEY_UISupportedInterfaceOrientations_iPhone = "UIInterfaceOrientationPortrait UIInterfaceOrientationLandscapeLeft UIInterfaceOrientationLandscapeRight";
				LD_RUNPATH_SEARCH_PATHS = (
					"$(inherited)",
					"@executable_path/Frameworks",
				);
				MARKETING_VERSION = 1.0;
				PRODUCT_BUNDLE_IDENTIFIER = Sample.POC.MovieList;
				PRODUCT_NAME = "$(TARGET_NAME)";
				SWIFT_EMIT_LOC_STRINGS = YES;
				SWIFT_VERSION = 5.0;
				TARGETED_DEVICE_FAMILY = "1,2";
			};
			name = Release;
		};
		052678E52B11D509008E1C5F /* Debug */ = {
			isa = XCBuildConfiguration;
			buildSettings = {
				ALWAYS_EMBED_SWIFT_STANDARD_LIBRARIES = YES;
				BUNDLE_LOADER = "$(TEST_HOST)";
				CODE_SIGN_STYLE = Automatic;
				CURRENT_PROJECT_VERSION = 1;
				GENERATE_INFOPLIST_FILE = YES;
				IPHONEOS_DEPLOYMENT_TARGET = 16.2;
				MARKETING_VERSION = 1.0;
				PRODUCT_BUNDLE_IDENTIFIER = Sample.POC.MovieListTests;
				PRODUCT_NAME = "$(TARGET_NAME)";
				SWIFT_EMIT_LOC_STRINGS = NO;
				SWIFT_VERSION = 5.0;
				TARGETED_DEVICE_FAMILY = "1,2";
				TEST_HOST = "$(BUILT_PRODUCTS_DIR)/MovieList.app/$(BUNDLE_EXECUTABLE_FOLDER_PATH)/MovieList";
			};
			name = Debug;
		};
		052678E62B11D509008E1C5F /* Release */ = {
			isa = XCBuildConfiguration;
			buildSettings = {
				ALWAYS_EMBED_SWIFT_STANDARD_LIBRARIES = YES;
				BUNDLE_LOADER = "$(TEST_HOST)";
				CODE_SIGN_STYLE = Automatic;
				CURRENT_PROJECT_VERSION = 1;
				GENERATE_INFOPLIST_FILE = YES;
				IPHONEOS_DEPLOYMENT_TARGET = 16.2;
				MARKETING_VERSION = 1.0;
				PRODUCT_BUNDLE_IDENTIFIER = Sample.POC.MovieListTests;
				PRODUCT_NAME = "$(TARGET_NAME)";
				SWIFT_EMIT_LOC_STRINGS = NO;
				SWIFT_VERSION = 5.0;
				TARGETED_DEVICE_FAMILY = "1,2";
				TEST_HOST = "$(BUILT_PRODUCTS_DIR)/MovieList.app/$(BUNDLE_EXECUTABLE_FOLDER_PATH)/MovieList";
			};
			name = Release;
		};
		052678E82B11D509008E1C5F /* Debug */ = {
			isa = XCBuildConfiguration;
			buildSettings = {
				ALWAYS_EMBED_SWIFT_STANDARD_LIBRARIES = YES;
				CODE_SIGN_STYLE = Automatic;
				CURRENT_PROJECT_VERSION = 1;
				GENERATE_INFOPLIST_FILE = YES;
				MARKETING_VERSION = 1.0;
				PRODUCT_BUNDLE_IDENTIFIER = Sample.POC.MovieListUITests;
				PRODUCT_NAME = "$(TARGET_NAME)";
				SWIFT_EMIT_LOC_STRINGS = NO;
				SWIFT_VERSION = 5.0;
				TARGETED_DEVICE_FAMILY = "1,2";
				TEST_TARGET_NAME = MovieList;
			};
			name = Debug;
		};
		052678E92B11D509008E1C5F /* Release */ = {
			isa = XCBuildConfiguration;
			buildSettings = {
				ALWAYS_EMBED_SWIFT_STANDARD_LIBRARIES = YES;
				CODE_SIGN_STYLE = Automatic;
				CURRENT_PROJECT_VERSION = 1;
				GENERATE_INFOPLIST_FILE = YES;
				MARKETING_VERSION = 1.0;
				PRODUCT_BUNDLE_IDENTIFIER = Sample.POC.MovieListUITests;
				PRODUCT_NAME = "$(TARGET_NAME)";
				SWIFT_EMIT_LOC_STRINGS = NO;
				SWIFT_VERSION = 5.0;
				TARGETED_DEVICE_FAMILY = "1,2";
				TEST_TARGET_NAME = MovieList;
			};
			name = Release;
		};
/* End XCBuildConfiguration section */

/* Begin XCConfigurationList section */
		052678B82B11D508008E1C5F /* Build configuration list for PBXProject "MovieList" */ = {
			isa = XCConfigurationList;
			buildConfigurations = (
				052678DF2B11D509008E1C5F /* Debug */,
				052678E02B11D509008E1C5F /* Release */,
			);
			defaultConfigurationIsVisible = 0;
			defaultConfigurationName = Release;
		};
		052678E12B11D509008E1C5F /* Build configuration list for PBXNativeTarget "MovieList" */ = {
			isa = XCConfigurationList;
			buildConfigurations = (
				052678E22B11D509008E1C5F /* Debug */,
				052678E32B11D509008E1C5F /* Release */,
			);
			defaultConfigurationIsVisible = 0;
			defaultConfigurationName = Release;
		};
		052678E42B11D509008E1C5F /* Build configuration list for PBXNativeTarget "MovieListTests" */ = {
			isa = XCConfigurationList;
			buildConfigurations = (
				052678E52B11D509008E1C5F /* Debug */,
				052678E62B11D509008E1C5F /* Release */,
			);
			defaultConfigurationIsVisible = 0;
			defaultConfigurationName = Release;
		};
		052678E72B11D509008E1C5F /* Build configuration list for PBXNativeTarget "MovieListUITests" */ = {
			isa = XCConfigurationList;
			buildConfigurations = (
				052678E82B11D509008E1C5F /* Debug */,
				052678E92B11D509008E1C5F /* Release */,
			);
			defaultConfigurationIsVisible = 0;
			defaultConfigurationName = Release;
		};
/* End XCConfigurationList section */
	};
	rootObject = 052678B52B11D508008E1C5F /* Project object */;
}
